
Microsoft Visual Studio Solution File, Format Version 12.00
# Visual Studio Version 17
VisualStudioVersion = 17.0.31903.59
MinimumVisualStudioVersion = 10.0.40219.1
Project("{FAE04EC0-301F-11D3-BF4B-00C04F79EFBC}") = "VSMarketplaceBadges", "VSMarketplaceBadges.csproj", "{9D89163B-5198-42DB-B8E2-F3FB5D64FD4A}"
EndProject
Project("{2150E333-8FDC-42A3-9474-1A3956D46DE8}") = "tests", "tests", "{0AB3BF05-4346-4AA6-1389-037BE0695223}"
EndProject
Project("{FAE04EC0-301F-11D3-BF4B-00C04F79EFBC}") = "VSMarketplaceBadges.Tests", "tests\VSMarketplaceBadges.Tests\VSMarketplaceBadges.Tests.csproj", "{18934761-20BE-49E7-BF7E-961778D74176}"
EndProject
Global
	GlobalSection(SolutionConfigurationPlatforms) = preSolution
		Debug|Any CPU = Debug|Any CPU
		Debug|x64 = Debug|x64
		Debug|x86 = Debug|x86
		Release|Any CPU = Release|Any CPU
		Release|x64 = Release|x64
		Release|x86 = Release|x86
	EndGlobalSection
	GlobalSection(ProjectConfigurationPlatforms) = postSolution
		{9D89163B-5198-42DB-B8E2-F3FB5D64FD4A}.Debug|Any CPU.ActiveCfg = Debug|Any CPU
		{9D89163B-5198-42DB-B8E2-F3FB5D64FD4A}.Debug|Any CPU.Build.0 = Debug|Any CPU
		{9D89163B-5198-42DB-B8E2-F3FB5D64FD4A}.Debug|x64.ActiveCfg = Debug|Any CPU
		{9D89163B-5198-42DB-B8E2-F3FB5D64FD4A}.Debug|x64.Build.0 = Debug|Any CPU
		{9D89163B-5198-42DB-B8E2-F3FB5D64FD4A}.Debug|x86.ActiveCfg = Debug|Any CPU
		{9D89163B-5198-42DB-B8E2-F3FB5D64FD4A}.Debug|x86.Build.0 = Debug|Any CPU
		{9D89163B-5198-42DB-B8E2-F3FB5D64FD4A}.Release|Any CPU.ActiveCfg = Release|Any CPU
		{9D89163B-5198-42DB-B8E2-F3FB5D64FD4A}.Release|Any CPU.Build.0 = Release|Any CPU
		{9D89163B-5198-42DB-B8E2-F3FB5D64FD4A}.Release|x64.ActiveCfg = Release|Any CPU
		{9D89163B-5198-42DB-B8E2-F3FB5D64FD4A}.Release|x64.Build.0 = Release|Any CPU
		{9D89163B-5198-42DB-B8E2-F3FB5D64FD4A}.Release|x86.ActiveCfg = Release|Any CPU
		{9D89163B-5198-42DB-B8E2-F3FB5D64FD4A}.Release|x86.Build.0 = Release|Any CPU
		{18934761-20BE-49E7-BF7E-961778D74176}.Debug|Any CPU.ActiveCfg = Debug|Any CPU
		{18934761-20BE-49E7-BF7E-961778D74176}.Debug|Any CPU.Build.0 = Debug|Any CPU
		{18934761-20BE-49E7-BF7E-961778D74176}.Debug|x64.ActiveCfg = Debug|Any CPU
		{18934761-20BE-49E7-BF7E-961778D74176}.Debug|x64.Build.0 = Debug|Any CPU
		{18934761-20BE-49E7-BF7E-961778D74176}.Debug|x86.ActiveCfg = Debug|Any CPU
		{18934761-20BE-49E7-BF7E-961778D74176}.Debug|x86.Build.0 = Debug|Any CPU
		{18934761-20BE-49E7-BF7E-961778D74176}.Release|Any CPU.ActiveCfg = Release|Any CPU
		{18934761-20BE-49E7-BF7E-961778D74176}.Release|Any CPU.Build.0 = Release|Any CPU
		{18934761-20BE-49E7-BF7E-961778D74176}.Release|x64.ActiveCfg = Release|Any CPU
		{18934761-20BE-49E7-BF7E-961778D74176}.Release|x64.Build.0 = Release|Any CPU
		{18934761-20BE-49E7-BF7E-961778D74176}.Release|x86.ActiveCfg = Release|Any CPU
		{18934761-20BE-49E7-BF7E-961778D74176}.Release|x86.Build.0 = Release|Any CPU
	EndGlobalSection
	GlobalSection(SolutionProperties) = preSolution
		HideSolutionNode = FALSE
	EndGlobalSection
	GlobalSection(NestedProjects) = preSolution
		{18934761-20BE-49E7-BF7E-961778D74176} = {0AB3BF05-4346-4AA6-1389-037BE0695223}
	EndGlobalSection
EndGlobal
